{
  "name": "leads",
  "version": "1.0.0",
  "lockfileVersion": 3,
  "requires": true,
  "packages": {
    "": {
      "name": "leads",
      "version": "1.0.0",
      "license": "ISC",
      "dependencies": {
        "agentmail": "^0.4.10",
        "csv-parse": "^6.2.1"
      }
    },
    "node_modules/agentmail": {
      "version": "0.4.10",
      "resolved": "https://registry.npmjs.org/agentmail/-/agentmail-0.4.10.tgz",
      "integrity": "sha512-LXk2muMmXM58D5pSuDdGl2H2uoE72NEGTfPsJ1du4C53DRaxUL0yuA9tFInGvEm5E2MkdiG7Q3MMqjGHlj5vBw==",
      "dependencies": {
        "ws": "^8.16.0"
      },
      "engines": {
        "node": ">=18.0.0"
      }
    },
    "node_modules/csv-parse": {
      "version": "6.2.1",
      "resolved": "https://registry.npmjs.org/csv-parse/-/csv-parse-6.2.1.tgz",
      "integrity": "sha512-LRLMV+UCyfMokp8Wb411duBf1gaBKJfOfBWU9eHMJ+b+cJYZsNu3AFmjJf3+yPGd59Exz1TsMjaSFyxnYB9+IQ==",
      "license": "MIT"
    },
    "node_modules/ws": {
      "version": "8.19.0",
      "resolved": "https://registry.npmjs.org/ws/-/ws-8.19.0.tgz",
      "integrity": "sha512-blAT2mjOEIi0ZzruJfIhb3nps74PRWTCz1IjglWEEpQl5XS/UNama6u2/rjFkDDouqr4L67ry+1aGIALViWjDg==",
      "license": "MIT",
      "engines": {
        "node": ">=10.0.0"
      },
      "peerDependencies": {
        "bufferutil": "^4.0.1",
        "utf-8-validate": ">=5.0.2"
      },
      "peerDependenciesMeta": {
        "bufferutil": {
          "optional": true
        },
        "utf-8-validate": {
          "optional": true
        }
      }
    }
  }
}
